
Microsoft Visual Studio Solution File, Format Version 12.00
# Visual Studio 15
VisualStudioVersion = 15.0.27130.2024
MinimumVisualStudioVersion = 10.0.40219.1
Project("{FAE04EC0-301F-11D3-BF4B-00C04F79EFBC}") = "PortManager", "PortManager\PortManager.csproj", "{FDDB6364-49E0-4CB1-9877-F70C222890A0}"
EndProject
Project("{FAE04EC0-301F-11D3-BF4B-00C04F79EFBC}") = "CtlPortManager", "PMControls\CtlPortManager.csproj", "{FA1F6772-E580-46D0-A7D1-1D58D77BA8CE}"
EndProject
Project("{FAE04EC0-301F-11D3-BF4B-00C04F79EFBC}") = "LibPorts", "..\PollServer\PortsLib\LibPorts.csproj", "{13571FB0-472F-43B0-947D-64C5D1F2B4A4}"
EndProject
Global
	GlobalSection(SolutionConfigurationPlatforms) = preSolution
		Debug|Any CPU = Debug|Any CPU
		Release|Any CPU = Release|Any CPU
	EndGlobalSection
	GlobalSection(ProjectConfigurationPlatforms) = postSolution
		{FDDB6364-49E0-4CB1-9877-F70C222890A0}.Debug|Any CPU.ActiveCfg = Debug|Any CPU
		{FDDB6364-49E0-4CB1-9877-F70C222890A0}.Debug|Any CPU.Build.0 = Debug|Any CPU
		{FDDB6364-49E0-4CB1-9877-F70C222890A0}.Release|Any CPU.ActiveCfg = Release|Any CPU
		{FDDB6364-49E0-4CB1-9877-F70C222890A0}.Release|Any CPU.Build.0 = Release|Any CPU
		{FA1F6772-E580-46D0-A7D1-1D58D77BA8CE}.Debug|Any CPU.ActiveCfg = Debug|Any CPU
		{FA1F6772-E580-46D0-A7D1-1D58D77BA8CE}.Debug|Any CPU.Build.0 = Debug|Any CPU
		{FA1F6772-E580-46D0-A7D1-1D58D77BA8CE}.Release|Any CPU.ActiveCfg = Release|Any CPU
		{FA1F6772-E580-46D0-A7D1-1D58D77BA8CE}.Release|Any CPU.Build.0 = Release|Any CPU
		{13571FB0-472F-43B0-947D-64C5D1F2B4A4}.Debug|Any CPU.ActiveCfg = Debug|Any CPU
		{13571FB0-472F-43B0-947D-64C5D1F2B4A4}.Debug|Any CPU.Build.0 = Debug|Any CPU
		{13571FB0-472F-43B0-947D-64C5D1F2B4A4}.Release|Any CPU.ActiveCfg = Release|Any CPU
		{13571FB0-472F-43B0-947D-64C5D1F2B4A4}.Release|Any CPU.Build.0 = Release|Any CPU
	EndGlobalSection
	GlobalSection(SolutionProperties) = preSolution
		HideSolutionNode = FALSE
	EndGlobalSection
	GlobalSection(ExtensibilityGlobals) = postSolution
		SolutionGuid = {EB728510-9CD5-43DE-8811-6F1BC50DE580}
	EndGlobalSection
EndGlobal
